
Microsoft Visual Studio Solution File, Format Version 12.00
# Visual Studio 15
VisualStudioVersion = 15.0.27703.2026
MinimumVisualStudioVersion = 10.0.40219.1
Project("{FAE04EC0-301F-11D3-BF4B-00C04F79EFBC}") = "WpfApp3", "WpfApp3\WpfApp3.csproj", "{DB65DC36-DC6F-4522-AF71-7527DD9A1C37}"
EndProject
Global
	GlobalSection(SolutionConfigurationPlatforms) = preSolution
		Debug|Any CPU = Debug|Any CPU
		Release|Any CPU = Release|Any CPU
	EndGlobalSection
	GlobalSection(ProjectConfigurationPlatforms) = postSolution
		{DB65DC36-DC6F-4522-AF71-7527DD9A1C37}.Debug|Any CPU.ActiveCfg = Debug|Any CPU
		{DB65DC36-DC6F-4522-AF71-7527DD9A1C37}.Debug|Any CPU.Build.0 = Debug|Any CPU
		{DB65DC36-DC6F-4522-AF71-7527DD9A1C37}.Release|Any CPU.ActiveCfg = Release|Any CPU
		{DB65DC36-DC6F-4522-AF71-7527DD9A1C37}.Release|Any CPU.Build.0 = Release|Any CPU
	EndGlobalSection
	GlobalSection(SolutionProperties) = preSolution
		HideSolutionNode = FALSE
	EndGlobalSection
	GlobalSection(ExtensibilityGlobals) = postSolution
		SolutionGuid = {471F1B5A-563A-465B-9E24-E87D92423FB0}
	EndGlobalSection
EndGlobal
